{
  "nodes": {
    "flake-utils": {
      "locked": {
        "lastModified": 1659877975,
        "narHash": "sha256-zllb8aq3YO3h8B/U0/J1WBgAL8EX5yWf5pMj3G0NAmc=",
        "owner": "numtide",
        "repo": "flake-utils",
        "rev": "c0e246b9b83f637f4681389ecabcb2681b4f3af0",
        "type": "github"
      },
      "original": {
        "owner": "numtide",
        "repo": "flake-utils",
        "type": "github"
      }
    },
    "home-manager": {
      "inputs": {
        "nixpkgs": [
          "nixpkgs"
        ]
      },
      "locked": {
        "lastModified": 1689495092,
        "narHash": "sha256-yZu2j5FpLZEPhJQQutMCPTxa1VMigLPabLYvLTq6ASM=",
        "owner": "nix-community",
        "repo": "home-manager",
        "rev": "2f84579a70b8c74e5ebb37299a0c3ba279f09382",
        "type": "github"
      },
      "original": {
        "owner": "nix-community",
        "repo": "home-manager",
        "type": "github"
      }
    },
    "nixgl": {
      "inputs": {
        "flake-utils": "flake-utils",
        "nixpkgs": [
          "nixpkgs"
        ]
      },
      "locked": {
        "lastModified": 1685908677,
        "narHash": "sha256-E4zUPEUFyVWjVm45zICaHRpfGepfkE9Z2OECV9HXfA4=",
        "owner": "guibou",
        "repo": "nixGL",
        "rev": "489d6b095ab9d289fe11af0219a9ff00fe87c7c5",
        "type": "github"
      },
      "original": {
        "owner": "guibou",
        "repo": "nixGL",
        "type": "github"
      }
    },
    "nixpkgs": {
      "locked": {
        "lastModified": 1689534811,
        "narHash": "sha256-jnSUdzD/414d94plCyNlvTJJtiTogTep6t7ZgIKIHiE=",
        "owner": "NixOS",
        "repo": "nixpkgs",
        "rev": "6cee3b5893090b0f5f0a06b4cf42ca4e60e5d222",
        "type": "github"
      },
      "original": {
        "id": "nixpkgs",
        "ref": "nixos-unstable",
        "type": "indirect"
      }
    },
    "nurpkgs": {
      "locked": {
        "lastModified": 1689753560,
        "narHash": "sha256-q+Qy39/GgttBYFkzBzP7V+3T91crsZLeTnr+cdvQe0U=",
        "owner": "nix-community",
        "repo": "NUR",
        "rev": "05c6d9d00750b03b56f7792e8f60ba67f78e869f",
        "type": "github"
      },
      "original": {
        "owner": "nix-community",
        "repo": "NUR",
        "type": "github"
      }
    },
    "root": {
      "inputs": {
        "home-manager": "home-manager",
        "nixgl": "nixgl",
        "nixpkgs": "nixpkgs",
        "nurpkgs": "nurpkgs"
      }
    }
  },
  "root": "root",
  "version": 7
}
